{
    "version": 3,
    "terraform_version": "0.11.3",
    "serial": 6,
    "lineage": "6c0394af-2d17-4d89-aef0-fe4facfbf4c0",
    "modules": [
        {
            "path": [
                "root"
            ],
            "outputs": {
                "address_kong": {
                    "sensitive": false,
                    "type": "string",
                    "value": "159.89.230.208"
                },
                "address_postgres": {
                    "sensitive": false,
                    "type": "string",
                    "value": "167.99.145.70"
                }
            },
            "resources": {
                "data.template_file.kong_install": {
                    "type": "template_file",
                    "depends_on": [],
                    "primary": {
                        "id": "c2f176329e1326086439f3fe7cccd43896c9307d2fb36f6acf0355d92c8b77ac",
                        "attributes": {
                            "id": "c2f176329e1326086439f3fe7cccd43896c9307d2fb36f6acf0355d92c8b77ac",
                            "rendered": "#!/bin/sh\napt-get update\nsudo apt-get install openssl libpcre3 procps perl\nwget https://bintray.com/kong/kong-community-edition-deb/download_file?file_path=dists/kong-community-edition-0.13.0.trusty.all.deb -O kong-community-edition-0.13.0.trusty.all.deb\ndpkg -i kong-0*.deb\n\n",
                            "template": "#!/bin/sh\napt-get update\nsudo apt-get install openssl libpcre3 procps perl\nwget https://bintray.com/kong/kong-community-edition-deb/download_file?file_path=dists/kong-community-edition-0.13.0.trusty.all.deb -O kong-community-edition-0.13.0.trusty.all.deb\ndpkg -i kong-0*.deb\n\n"
                        },
                        "meta": {},
                        "tainted": false
                    },
                    "deposed": [],
                    "provider": "provider.template"
                },
                "data.template_file.postgres_install": {
                    "type": "template_file",
                    "depends_on": [],
                    "primary": {
                        "id": "1bfed5f4d4185f761cf4f3a6262e9d9b2e6d74bfec2cddd28587ab8fb1fd9adb",
                        "attributes": {
                            "id": "1bfed5f4d4185f761cf4f3a6262e9d9b2e6d74bfec2cddd28587ab8fb1fd9adb",
                            "rendered": "#!/bin/sh\nsudo apt-get update\nsudo apt-get -y install python-software-properties\nsudo sh -c 'echo \"deb http://apt.postgresql.org/pub/repos/apt/ $(lsb_release -cs)-pgdg main\" \u003e /etc/apt/sources.list.d/pgdg.list'\nwget --quiet -O - https://www.postgresql.org/media/keys/ACCC4CF8.asc | sudo apt-key add -\nsudo apt-get update -y\nsudo apt-get install postgresql-9.4 -y\nsleep 3\necho \"CREATE ROLE kong LOGIN ENCRYPTED PASSWORD 'kong1234';\" | sudo -u postgres psql\necho \"CREATE DATABASE kong OWNER kong;\" | sudo -u postgres psql\necho \"ALTER USER kong WITH SUPERUSER;\" | sudo -u postgres psql\necho \"ALTER USER kong WITH CREATEDB;\" | sudo -u postgres psql\necho \"ALTER USER kong WITH CREATEROLE;\" | sudo -u postgres psql\nsudo echo \"listen_addresses = '*'\" \u003e\u003e /etc/postgresql/9.4/main/postgresql.conf\necho \"host    all             all             0.0.0.0/0                trust\" \u003e\u003e /etc/postgresql/9.4/main/pg_hba.conf\nsudo /etc/init.d/postgresql restart\n",
                            "template": "#!/bin/sh\nsudo apt-get update\nsudo apt-get -y install python-software-properties\nsudo sh -c 'echo \"deb http://apt.postgresql.org/pub/repos/apt/ $(lsb_release -cs)-pgdg main\" \u003e /etc/apt/sources.list.d/pgdg.list'\nwget --quiet -O - https://www.postgresql.org/media/keys/ACCC4CF8.asc | sudo apt-key add -\nsudo apt-get update -y\nsudo apt-get install postgresql-9.4 -y\nsleep 3\necho \"CREATE ROLE kong LOGIN ENCRYPTED PASSWORD 'kong1234';\" | sudo -u postgres psql\necho \"CREATE DATABASE kong OWNER kong;\" | sudo -u postgres psql\necho \"ALTER USER kong WITH SUPERUSER;\" | sudo -u postgres psql\necho \"ALTER USER kong WITH CREATEDB;\" | sudo -u postgres psql\necho \"ALTER USER kong WITH CREATEROLE;\" | sudo -u postgres psql\nsudo echo \"listen_addresses = '*'\" \u003e\u003e /etc/postgresql/9.4/main/postgresql.conf\necho \"host    all             all             0.0.0.0/0                trust\" \u003e\u003e /etc/postgresql/9.4/main/pg_hba.conf\nsudo /etc/init.d/postgresql restart\n"
                        },
                        "meta": {},
                        "tainted": false
                    },
                    "deposed": [],
                    "provider": "provider.template"
                },
                "digitalocean_droplet.kong": {
                    "type": "digitalocean_droplet",
                    "depends_on": [
                        "data.template_file.kong_install"
                    ],
                    "primary": {
                        "id": "87809771",
                        "attributes": {
                            "disk": "20",
                            "id": "87809771",
                            "image": "ubuntu-14-04-x64",
                            "ipv4_address": "159.89.230.208",
                            "locked": "false",
                            "name": "Kong-Server",
                            "price_hourly": "0.00744",
                            "price_monthly": "5",
                            "region": "nyc1",
                            "resize_disk": "true",
                            "size": "512mb",
                            "ssh_keys.#": "1",
                            "ssh_keys.0": "8c:9c:41:5a:53:2f:29:26:f0:0a:95:13:0c:ed:99:70",
                            "status": "active",
                            "tags.#": "0",
                            "user_data": "#!/bin/sh\napt-get update\nsudo apt-get install openssl libpcre3 procps perl\nwget https://bintray.com/kong/kong-community-edition-deb/download_file?file_path=dists/kong-community-edition-0.13.0.trusty.all.deb -O kong-community-edition-0.13.0.trusty.all.deb\ndpkg -i kong-0*.deb\n\n",
                            "vcpus": "1"
                        },
                        "meta": {},
                        "tainted": false
                    },
                    "deposed": [],
                    "provider": "provider.digitalocean"
                },
                "digitalocean_droplet.postgresdb": {
                    "type": "digitalocean_droplet",
                    "depends_on": [
                        "data.template_file.postgres_install"
                    ],
                    "primary": {
                        "id": "87809370",
                        "attributes": {
                            "disk": "20",
                            "id": "87809370",
                            "image": "ubuntu-14-04-x64",
                            "ipv4_address": "167.99.145.70",
                            "locked": "false",
                            "name": "Postgresql-DB",
                            "price_hourly": "0.00744",
                            "price_monthly": "5",
                            "region": "nyc1",
                            "resize_disk": "true",
                            "size": "512mb",
                            "ssh_keys.#": "1",
                            "ssh_keys.0": "8c:9c:41:5a:53:2f:29:26:f0:0a:95:13:0c:ed:99:70",
                            "status": "active",
                            "tags.#": "0",
                            "user_data": "#!/bin/sh\nsudo apt-get update\nsudo apt-get -y install python-software-properties\nsudo sh -c 'echo \"deb http://apt.postgresql.org/pub/repos/apt/ $(lsb_release -cs)-pgdg main\" \u003e /etc/apt/sources.list.d/pgdg.list'\nwget --quiet -O - https://www.postgresql.org/media/keys/ACCC4CF8.asc | sudo apt-key add -\nsudo apt-get update -y\nsudo apt-get install postgresql-9.4 -y\nsleep 3\necho \"CREATE ROLE kong LOGIN ENCRYPTED PASSWORD 'kong1234';\" | sudo -u postgres psql\necho \"CREATE DATABASE kong OWNER kong;\" | sudo -u postgres psql\necho \"ALTER USER kong WITH SUPERUSER;\" | sudo -u postgres psql\necho \"ALTER USER kong WITH CREATEDB;\" | sudo -u postgres psql\necho \"ALTER USER kong WITH CREATEROLE;\" | sudo -u postgres psql\nsudo echo \"listen_addresses = '*'\" \u003e\u003e /etc/postgresql/9.4/main/postgresql.conf\necho \"host    all             all             0.0.0.0/0                trust\" \u003e\u003e /etc/postgresql/9.4/main/pg_hba.conf\nsudo /etc/init.d/postgresql restart\n",
                            "vcpus": "1"
                        },
                        "meta": {},
                        "tainted": false
                    },
                    "deposed": [],
                    "provider": "provider.digitalocean"
                }
            },
            "depends_on": []
        }
    ]
}
