{
    "version": 3,
    "terraform_version": "0.11.3",
    "serial": 19,
    "lineage": "85ada9c0-8c7c-4776-9e67-85679d9bd188",
    "modules": [
        {
            "path": [
                "root"
            ],
            "outputs": {
                "address_master": {
                    "sensitive": false,
                    "type": "string",
                    "value": "67.205.152.41"
                },
                "address_slave": {
                    "sensitive": false,
                    "type": "list",
                    "value": [
                        "165.227.198.5",
                        "159.89.81.156"
                    ]
                },
                "new_token": {
                    "sensitive": false,
                    "type": "string",
                    "value": "bketq2.bketq2scy14ix9d6\n"
                }
            },
            "resources": {
                "data.template_file.master_install": {
                    "type": "template_file",
                    "depends_on": [],
                    "primary": {
                        "id": "5544376df1d6d8b3ff2272c7b3dfa1af1c7ff4a27ca5d00ac2c7a27b25c818dc",
                        "attributes": {
                            "id": "5544376df1d6d8b3ff2272c7b3dfa1af1c7ff4a27ca5d00ac2c7a27b25c818dc",
                            "rendered": "#!/bin/sh -xe\nsudo apt-get update -y\nsudo apt-get -y install apt-transport-https ca-certificates curl software-properties-common\n\n#docker installation\ncurl -fsSL https://download.docker.com/linux/ubuntu/gpg | sudo apt-key add -\nsudo add-apt-repository  \"deb [arch=amd64] https://download.docker.com/linux/ubuntu $(lsb_release -cs) stable\"\nsudo apt-get update -y\nsudo apt-get -y install docker-ce=17.09.1~ce-0~ubuntu\n\n#kubernetes cluster\nsudo curl -s https://packages.cloud.google.com/apt/doc/apt-key.gpg | sudo apt-key add -\necho \"deb http://apt.kubernetes.io/ kubernetes-xenial main\" \u003e\u003e /etc/apt/sources.list.d/kubernetes.list\nsudo apt-get update -y\nsudo apt-get install -y kubelet kubeadm kubectl\nkubeadm reset\n",
                            "template": "#!/bin/sh -xe\nsudo apt-get update -y\nsudo apt-get -y install apt-transport-https ca-certificates curl software-properties-common\n\n#docker installation\ncurl -fsSL https://download.docker.com/linux/ubuntu/gpg | sudo apt-key add -\nsudo add-apt-repository  \"deb [arch=amd64] https://download.docker.com/linux/ubuntu $(lsb_release -cs) stable\"\nsudo apt-get update -y\nsudo apt-get -y install docker-ce=17.09.1~ce-0~ubuntu\n\n#kubernetes cluster\nsudo curl -s https://packages.cloud.google.com/apt/doc/apt-key.gpg | sudo apt-key add -\necho \"deb http://apt.kubernetes.io/ kubernetes-xenial main\" \u003e\u003e /etc/apt/sources.list.d/kubernetes.list\nsudo apt-get update -y\nsudo apt-get install -y kubelet kubeadm kubectl\nkubeadm reset\n"
                        },
                        "meta": {},
                        "tainted": false
                    },
                    "deposed": [],
                    "provider": "provider.template"
                },
                "data.template_file.slave_install": {
                    "type": "template_file",
                    "depends_on": [],
                    "primary": {
                        "id": "6af0594155b6c61ee2ed08169e067d1fc945795ffbb965b5a3775940e7fbec32",
                        "attributes": {
                            "id": "6af0594155b6c61ee2ed08169e067d1fc945795ffbb965b5a3775940e7fbec32",
                            "rendered": "#!/bin/sh -xe\nsudo apt-get update -y\nsudo apt-get -y install apt-transport-https ca-certificates curl software-properties-common\n\n#docker installation\ncurl -fsSL https://download.docker.com/linux/ubuntu/gpg | sudo apt-key add -\nsudo add-apt-repository  \"deb [arch=amd64] https://download.docker.com/linux/ubuntu $(lsb_release -cs) stable\"\nsudo apt-get update -y\nsudo apt-get -y install docker-ce=17.09.1~ce-0~ubuntu\n\n#kubernetes cluster\nsudo curl -s https://packages.cloud.google.com/apt/doc/apt-key.gpg | sudo apt-key add -\necho \"deb http://apt.kubernetes.io/ kubernetes-xenial main\" \u003e\u003e /etc/apt/sources.list.d/kubernetes.list\nsudo apt-get update -y\nsudo apt-get install -y kubelet kubeadm kubectl\nkubeadm reset\n\n",
                            "template": "#!/bin/sh -xe\nsudo apt-get update -y\nsudo apt-get -y install apt-transport-https ca-certificates curl software-properties-common\n\n#docker installation\ncurl -fsSL https://download.docker.com/linux/ubuntu/gpg | sudo apt-key add -\nsudo add-apt-repository  \"deb [arch=amd64] https://download.docker.com/linux/ubuntu $(lsb_release -cs) stable\"\nsudo apt-get update -y\nsudo apt-get -y install docker-ce=17.09.1~ce-0~ubuntu\n\n#kubernetes cluster\nsudo curl -s https://packages.cloud.google.com/apt/doc/apt-key.gpg | sudo apt-key add -\necho \"deb http://apt.kubernetes.io/ kubernetes-xenial main\" \u003e\u003e /etc/apt/sources.list.d/kubernetes.list\nsudo apt-get update -y\nsudo apt-get install -y kubelet kubeadm kubectl\nkubeadm reset\n\n"
                        },
                        "meta": {},
                        "tainted": false
                    },
                    "deposed": [],
                    "provider": "provider.template"
                },
                "digitalocean_droplet.master": {
                    "type": "digitalocean_droplet",
                    "depends_on": [
                        "data.template_file.master_install"
                    ],
                    "primary": {
                        "id": "89339786",
                        "attributes": {
                            "disk": "30",
                            "id": "89339786",
                            "image": "ubuntu-16-04-x64",
                            "ipv4_address": "67.205.152.41",
                            "locked": "false",
                            "name": "master",
                            "price_hourly": "0.01488",
                            "price_monthly": "10",
                            "region": "nyc1",
                            "resize_disk": "true",
                            "size": "1gb",
                            "ssh_keys.#": "1",
                            "ssh_keys.0": "8c:9c:41:5a:53:2f:29:26:f0:0a:95:13:0c:ed:99:70",
                            "status": "active",
                            "tags.#": "0",
                            "user_data": "#!/bin/sh -xe\nsudo apt-get update -y\nsudo apt-get -y install apt-transport-https ca-certificates curl software-properties-common\n\n#docker installation\ncurl -fsSL https://download.docker.com/linux/ubuntu/gpg | sudo apt-key add -\nsudo add-apt-repository  \"deb [arch=amd64] https://download.docker.com/linux/ubuntu $(lsb_release -cs) stable\"\nsudo apt-get update -y\nsudo apt-get -y install docker-ce=17.09.1~ce-0~ubuntu\n\n#kubernetes cluster\nsudo curl -s https://packages.cloud.google.com/apt/doc/apt-key.gpg | sudo apt-key add -\necho \"deb http://apt.kubernetes.io/ kubernetes-xenial main\" \u003e\u003e /etc/apt/sources.list.d/kubernetes.list\nsudo apt-get update -y\nsudo apt-get install -y kubelet kubeadm kubectl\nkubeadm reset\n",
                            "vcpus": "1"
                        },
                        "meta": {},
                        "tainted": false
                    },
                    "deposed": [],
                    "provider": "provider.digitalocean"
                },
                "digitalocean_droplet.slave.0": {
                    "type": "digitalocean_droplet",
                    "depends_on": [
                        "data.template_file.slave_install"
                    ],
                    "primary": {
                        "id": "89339785",
                        "attributes": {
                            "disk": "30",
                            "id": "89339785",
                            "image": "ubuntu-16-04-x64",
                            "ipv4_address": "165.227.198.5",
                            "locked": "false",
                            "name": "slave-01",
                            "price_hourly": "0.01488",
                            "price_monthly": "10",
                            "region": "nyc1",
                            "resize_disk": "true",
                            "size": "1gb",
                            "ssh_keys.#": "1",
                            "ssh_keys.0": "8c:9c:41:5a:53:2f:29:26:f0:0a:95:13:0c:ed:99:70",
                            "status": "active",
                            "tags.#": "0",
                            "user_data": "#!/bin/sh -xe\nsudo apt-get update -y\nsudo apt-get -y install apt-transport-https ca-certificates curl software-properties-common\n\n#docker installation\ncurl -fsSL https://download.docker.com/linux/ubuntu/gpg | sudo apt-key add -\nsudo add-apt-repository  \"deb [arch=amd64] https://download.docker.com/linux/ubuntu $(lsb_release -cs) stable\"\nsudo apt-get update -y\nsudo apt-get -y install docker-ce=17.09.1~ce-0~ubuntu\n\n#kubernetes cluster\nsudo curl -s https://packages.cloud.google.com/apt/doc/apt-key.gpg | sudo apt-key add -\necho \"deb http://apt.kubernetes.io/ kubernetes-xenial main\" \u003e\u003e /etc/apt/sources.list.d/kubernetes.list\nsudo apt-get update -y\nsudo apt-get install -y kubelet kubeadm kubectl\nkubeadm reset\n\n",
                            "vcpus": "1"
                        },
                        "meta": {},
                        "tainted": false
                    },
                    "deposed": [],
                    "provider": "provider.digitalocean"
                },
                "digitalocean_droplet.slave.1": {
                    "type": "digitalocean_droplet",
                    "depends_on": [
                        "data.template_file.slave_install"
                    ],
                    "primary": {
                        "id": "89339784",
                        "attributes": {
                            "disk": "30",
                            "id": "89339784",
                            "image": "ubuntu-16-04-x64",
                            "ipv4_address": "159.89.81.156",
                            "locked": "false",
                            "name": "slave-02",
                            "price_hourly": "0.01488",
                            "price_monthly": "10",
                            "region": "nyc1",
                            "resize_disk": "true",
                            "size": "1gb",
                            "ssh_keys.#": "1",
                            "ssh_keys.0": "8c:9c:41:5a:53:2f:29:26:f0:0a:95:13:0c:ed:99:70",
                            "status": "active",
                            "tags.#": "0",
                            "user_data": "#!/bin/sh -xe\nsudo apt-get update -y\nsudo apt-get -y install apt-transport-https ca-certificates curl software-properties-common\n\n#docker installation\ncurl -fsSL https://download.docker.com/linux/ubuntu/gpg | sudo apt-key add -\nsudo add-apt-repository  \"deb [arch=amd64] https://download.docker.com/linux/ubuntu $(lsb_release -cs) stable\"\nsudo apt-get update -y\nsudo apt-get -y install docker-ce=17.09.1~ce-0~ubuntu\n\n#kubernetes cluster\nsudo curl -s https://packages.cloud.google.com/apt/doc/apt-key.gpg | sudo apt-key add -\necho \"deb http://apt.kubernetes.io/ kubernetes-xenial main\" \u003e\u003e /etc/apt/sources.list.d/kubernetes.list\nsudo apt-get update -y\nsudo apt-get install -y kubelet kubeadm kubectl\nkubeadm reset\n\n",
                            "vcpus": "1"
                        },
                        "meta": {},
                        "tainted": false
                    },
                    "deposed": [],
                    "provider": "provider.digitalocean"
                }
            },
            "depends_on": []
        },
        {
            "path": [
                "root",
                "kubeadm-token"
            ],
            "outputs": {
                "token": {
                    "sensitive": false,
                    "type": "string",
                    "value": "bketq2.bketq2scy14ix9d6\n"
                }
            },
            "resources": {
                "data.template_file.kubeadm_token": {
                    "type": "template_file",
                    "depends_on": [
                        "random_shuffle.token1",
                        "random_shuffle.token2"
                    ],
                    "primary": {
                        "id": "d3cfe18c1a15fb8b38bb69aa39b7cc692d777422b56b169be2ca036f63a7314e",
                        "attributes": {
                            "id": "d3cfe18c1a15fb8b38bb69aa39b7cc692d777422b56b169be2ca036f63a7314e",
                            "rendered": "bketq2.bketq2scy14ix9d6\n",
                            "template": "${token1}.${token2}\n",
                            "vars.%": "2",
                            "vars.token1": "bketq2",
                            "vars.token2": "bketq2scy14ix9d6"
                        },
                        "meta": {},
                        "tainted": false
                    },
                    "deposed": [],
                    "provider": "provider.template"
                },
                "random_shuffle.token1": {
                    "type": "random_shuffle",
                    "depends_on": [],
                    "primary": {
                        "id": "-",
                        "attributes": {
                            "id": "-",
                            "input.#": "37",
                            "input.0": "1",
                            "input.1": "2",
                            "input.10": "a",
                            "input.11": "b",
                            "input.12": "c",
                            "input.13": "d",
                            "input.14": "e",
                            "input.15": "f",
                            "input.16": "g",
                            "input.17": "h",
                            "input.18": "i",
                            "input.19": "t",
                            "input.2": "3",
                            "input.20": "j",
                            "input.21": "k",
                            "input.22": "l",
                            "input.23": "m",
                            "input.24": "n",
                            "input.25": "o",
                            "input.26": "p",
                            "input.27": "q",
                            "input.28": "r",
                            "input.29": "s",
                            "input.3": "4",
                            "input.30": "t",
                            "input.31": "u",
                            "input.32": "v",
                            "input.33": "w",
                            "input.34": "x",
                            "input.35": "y",
                            "input.36": "z",
                            "input.4": "5",
                            "input.5": "6",
                            "input.6": "7",
                            "input.7": "8",
                            "input.8": "9",
                            "input.9": "0",
                            "result.#": "6",
                            "result.0": "b",
                            "result.1": "k",
                            "result.2": "e",
                            "result.3": "t",
                            "result.4": "q",
                            "result.5": "2",
                            "result_count": "6"
                        },
                        "meta": {},
                        "tainted": false
                    },
                    "deposed": [],
                    "provider": "provider.random"
                },
                "random_shuffle.token2": {
                    "type": "random_shuffle",
                    "depends_on": [],
                    "primary": {
                        "id": "-",
                        "attributes": {
                            "id": "-",
                            "input.#": "37",
                            "input.0": "1",
                            "input.1": "2",
                            "input.10": "a",
                            "input.11": "b",
                            "input.12": "c",
                            "input.13": "d",
                            "input.14": "e",
                            "input.15": "f",
                            "input.16": "g",
                            "input.17": "h",
                            "input.18": "i",
                            "input.19": "t",
                            "input.2": "3",
                            "input.20": "j",
                            "input.21": "k",
                            "input.22": "l",
                            "input.23": "m",
                            "input.24": "n",
                            "input.25": "o",
                            "input.26": "p",
                            "input.27": "q",
                            "input.28": "r",
                            "input.29": "s",
                            "input.3": "4",
                            "input.30": "t",
                            "input.31": "u",
                            "input.32": "v",
                            "input.33": "w",
                            "input.34": "x",
                            "input.35": "y",
                            "input.36": "z",
                            "input.4": "5",
                            "input.5": "6",
                            "input.6": "7",
                            "input.7": "8",
                            "input.8": "9",
                            "input.9": "0",
                            "result.#": "16",
                            "result.0": "b",
                            "result.1": "k",
                            "result.10": "4",
                            "result.11": "i",
                            "result.12": "x",
                            "result.13": "9",
                            "result.14": "d",
                            "result.15": "6",
                            "result.2": "e",
                            "result.3": "t",
                            "result.4": "q",
                            "result.5": "2",
                            "result.6": "s",
                            "result.7": "c",
                            "result.8": "y",
                            "result.9": "1",
                            "result_count": "16"
                        },
                        "meta": {},
                        "tainted": false
                    },
                    "deposed": [],
                    "provider": "provider.random"
                }
            },
            "depends_on": []
        }
    ]
}
