{
    "version": 3,
    "terraform_version": "0.11.3",
    "serial": 15,
    "lineage": "05a74ad5-be70-4d2e-bc04-95eb41db9370",
    "modules": [
        {
            "path": [
                "root"
            ],
            "outputs": {
                "address_postgres": {
                    "sensitive": false,
                    "type": "string",
                    "value": "67.205.171.100"
                }
            },
            "resources": {
                "data.template_file.postgres_install": {
                    "type": "template_file",
                    "depends_on": [],
                    "primary": {
                        "id": "06558e2301c9feafcf4a0297f59e7067b1f9233c01219a6e5bf24ea08d3c5eb2",
                        "attributes": {
                            "id": "06558e2301c9feafcf4a0297f59e7067b1f9233c01219a6e5bf24ea08d3c5eb2",
                            "rendered": "#!/bin/sh\n\napt-get install -y postgresql-9.4\necho \"CREATE ROLE kong LOGIN ENCRYPTED PASSWORD 'kong1234';\" | sudo -u postgres psql\nsu postgres -c \"createdb kong --owner kong\"\nsu postgres -c \"ALTER USER kong WITH SUPERUSER;\"\nsu postgres -c \"ALTER USER kong WITH CREATEDB;\"\nsu postgres -c \"ALTER USER kong WITH CREATEROLE;\"\n\nservice postgresql reload",
                            "template": "#!/bin/sh\n\napt-get install -y postgresql-9.4\necho \"CREATE ROLE kong LOGIN ENCRYPTED PASSWORD 'kong1234';\" | sudo -u postgres psql\nsu postgres -c \"createdb kong --owner kong\"\nsu postgres -c \"ALTER USER kong WITH SUPERUSER;\"\nsu postgres -c \"ALTER USER kong WITH CREATEDB;\"\nsu postgres -c \"ALTER USER kong WITH CREATEROLE;\"\n\nservice postgresql reload"
                        },
                        "meta": {},
                        "tainted": false
                    },
                    "deposed": [],
                    "provider": "provider.template"
                },
                "digitalocean_droplet.postgresdb": {
                    "type": "digitalocean_droplet",
                    "depends_on": [
                        "data.template_file.postgres_install"
                    ],
                    "primary": {
                        "id": "87531299",
                        "attributes": {
                            "disk": "20",
                            "id": "87531299",
                            "image": "ubuntu-14-04-x64",
                            "ipv4_address": "67.205.171.100",
                            "locked": "false",
                            "name": "DB",
                            "price_hourly": "0.00744",
                            "price_monthly": "5",
                            "region": "nyc1",
                            "resize_disk": "true",
                            "size": "512mb",
                            "ssh_keys.#": "1",
                            "ssh_keys.0": "2e:89:d0:7c:ea:f8:88:f0:a8:75:9b:d4:b5:47:e0:73",
                            "status": "active",
                            "tags.#": "0",
                            "user_data": "#!/bin/sh\n\napt-get install -y postgresql-9.4\necho \"CREATE ROLE kong LOGIN ENCRYPTED PASSWORD 'kong1234';\" | sudo -u postgres psql\nsu postgres -c \"createdb kong --owner kong\"\nsu postgres -c \"ALTER USER kong WITH SUPERUSER;\"\nsu postgres -c \"ALTER USER kong WITH CREATEDB;\"\nsu postgres -c \"ALTER USER kong WITH CREATEROLE;\"\n\nservice postgresql reload",
                            "vcpus": "1"
                        },
                        "meta": {},
                        "tainted": false
                    },
                    "deposed": [],
                    "provider": "provider.digitalocean"
                }
            },
            "depends_on": []
        }
    ]
}
