{
    "version": 3,
    "terraform_version": "0.11.3",
    "serial": 2,
    "lineage": "701f131d-62cc-464a-9353-25a534f800a9",
    "modules": [
        {
            "path": [
                "root"
            ],
            "outputs": {
                "address_kong": {
                    "sensitive": false,
                    "type": "string",
                    "value": "174.138.42.49"
                }
            },
            "resources": {
                "data.template_file.kong_install": {
                    "type": "template_file",
                    "depends_on": [],
                    "primary": {
                        "id": "c2f176329e1326086439f3fe7cccd43896c9307d2fb36f6acf0355d92c8b77ac",
                        "attributes": {
                            "id": "c2f176329e1326086439f3fe7cccd43896c9307d2fb36f6acf0355d92c8b77ac",
                            "rendered": "#!/bin/sh\napt-get update\nsudo apt-get install openssl libpcre3 procps perl\nwget https://bintray.com/kong/kong-community-edition-deb/download_file?file_path=dists/kong-community-edition-0.13.0.trusty.all.deb -O kong-community-edition-0.13.0.trusty.all.deb\ndpkg -i kong-0*.deb\n\n",
                            "template": "#!/bin/sh\napt-get update\nsudo apt-get install openssl libpcre3 procps perl\nwget https://bintray.com/kong/kong-community-edition-deb/download_file?file_path=dists/kong-community-edition-0.13.0.trusty.all.deb -O kong-community-edition-0.13.0.trusty.all.deb\ndpkg -i kong-0*.deb\n\n"
                        },
                        "meta": {},
                        "tainted": false
                    },
                    "deposed": [],
                    "provider": "provider.template"
                },
                "digitalocean_droplet.kong": {
                    "type": "digitalocean_droplet",
                    "depends_on": [
                        "data.template_file.kong_install"
                    ],
                    "primary": {
                        "id": "89300202",
                        "attributes": {
                            "disk": "20",
                            "id": "89300202",
                            "image": "ubuntu-14-04-x64",
                            "ipv4_address": "174.138.42.49",
                            "locked": "false",
                            "name": "kong-1",
                            "price_hourly": "0.00744",
                            "price_monthly": "5",
                            "region": "nyc1",
                            "resize_disk": "true",
                            "size": "512mb",
                            "ssh_keys.#": "1",
                            "ssh_keys.0": "8c:9c:41:5a:53:2f:29:26:f0:0a:95:13:0c:ed:99:70",
                            "status": "active",
                            "tags.#": "0",
                            "user_data": "#!/bin/sh\napt-get update\nsudo apt-get install openssl libpcre3 procps perl\nwget https://bintray.com/kong/kong-community-edition-deb/download_file?file_path=dists/kong-community-edition-0.13.0.trusty.all.deb -O kong-community-edition-0.13.0.trusty.all.deb\ndpkg -i kong-0*.deb\n\n",
                            "vcpus": "1"
                        },
                        "meta": {},
                        "tainted": false
                    },
                    "deposed": [],
                    "provider": "provider.digitalocean"
                }
            },
            "depends_on": []
        }
    ]
}
